
Microsoft Visual Studio Solution File, Format Version 12.00
# Visual Studio 15
VisualStudioVersion = 15.0.28307.329
MinimumVisualStudioVersion = 10.0.40219.1
Project("{9A19103F-16F7-4668-BE54-9A1E7A4F7556}") = "HackatonBus.Suppliers", "HackatonBus.Web\HackatonBus.Suppliers.csproj", "{DDC78535-CECD-4CE0-9C37-C54648794669}"
EndProject
Project("{9A19103F-16F7-4668-BE54-9A1E7A4F7556}") = "HackatonBus.Suppliers.Tests", "HackatonBus.Suppliers.Tests\HackatonBus.Suppliers.Tests.csproj", "{3BCC503B-A827-4801-9490-9EE8689BF8C2}"
EndProject
Project("{FAE04EC0-301F-11D3-BF4B-00C04F79EFBC}") = "GUI", "GUI\GUI.csproj", "{832C3386-F4D6-4481-9845-A45575A79A7F}"
EndProject
Global
	GlobalSection(SolutionConfigurationPlatforms) = preSolution
		Debug|Any CPU = Debug|Any CPU
		Release|Any CPU = Release|Any CPU
	EndGlobalSection
	GlobalSection(ProjectConfigurationPlatforms) = postSolution
		{DDC78535-CECD-4CE0-9C37-C54648794669}.Debug|Any CPU.ActiveCfg = Debug|Any CPU
		{DDC78535-CECD-4CE0-9C37-C54648794669}.Debug|Any CPU.Build.0 = Debug|Any CPU
		{DDC78535-CECD-4CE0-9C37-C54648794669}.Release|Any CPU.ActiveCfg = Release|Any CPU
		{DDC78535-CECD-4CE0-9C37-C54648794669}.Release|Any CPU.Build.0 = Release|Any CPU
		{3BCC503B-A827-4801-9490-9EE8689BF8C2}.Debug|Any CPU.ActiveCfg = Debug|Any CPU
		{3BCC503B-A827-4801-9490-9EE8689BF8C2}.Debug|Any CPU.Build.0 = Debug|Any CPU
		{3BCC503B-A827-4801-9490-9EE8689BF8C2}.Release|Any CPU.ActiveCfg = Release|Any CPU
		{3BCC503B-A827-4801-9490-9EE8689BF8C2}.Release|Any CPU.Build.0 = Release|Any CPU
		{832C3386-F4D6-4481-9845-A45575A79A7F}.Debug|Any CPU.ActiveCfg = Debug|Any CPU
		{832C3386-F4D6-4481-9845-A45575A79A7F}.Debug|Any CPU.Build.0 = Debug|Any CPU
		{832C3386-F4D6-4481-9845-A45575A79A7F}.Release|Any CPU.ActiveCfg = Release|Any CPU
		{832C3386-F4D6-4481-9845-A45575A79A7F}.Release|Any CPU.Build.0 = Release|Any CPU
	EndGlobalSection
	GlobalSection(SolutionProperties) = preSolution
		HideSolutionNode = FALSE
	EndGlobalSection
	GlobalSection(ExtensibilityGlobals) = postSolution
		SolutionGuid = {3B95D305-7F05-4F82-AC60-8D5D17365803}
	EndGlobalSection
EndGlobal
